
Microsoft Visual Studio Solution File, Format Version 12.00
# Visual Studio Version 17
VisualStudioVersion = 17.14.36518.9
MinimumVisualStudioVersion = 10.0.40219.1
Project("{8BC9CEB8-8B4A-11D0-8D11-00A0C91BC942}") = "Engine", "Engine\Engine.vcxproj", "{D351A3AB-C03E-48FB-941F-31530CE4477C}"
EndProject
Project("{8BC9CEB8-8B4A-11D0-8D11-00A0C91BC942}") = "GameClient", "GameClient\GameClient.vcxproj", "{A62FE9E9-EE4F-4A48-99A4-71059159BDAF}"
EndProject
Project("{8BC9CEB8-8B4A-11D0-8D11-00A0C91BC942}") = "GameServer", "GameServer\GameServer.vcxproj", "{2C5A3FF2-B359-4F73-A5CD-EFC1AED95CBA}"
EndProject
Project("{8BC9CEB8-8B4A-11D0-8D11-00A0C91BC942}") = "RacingGameTestBed", "RacingGameTestBed\RacingGameTestBed.vcxproj", "{980D5AA4-FD35-4252-B730-A44DC0AFAFD5}"
EndProject
Global
	GlobalSection(SolutionConfigurationPlatforms) = preSolution
		Debug|x64 = Debug|x64
		Debug|x86 = Debug|x86
		Release|x64 = Release|x64
		Release|x86 = Release|x86
	EndGlobalSection
	GlobalSection(ProjectConfigurationPlatforms) = postSolution
		{D351A3AB-C03E-48FB-941F-31530CE4477C}.Debug|x64.ActiveCfg = Debug|x64
		{D351A3AB-C03E-48FB-941F-31530CE4477C}.Debug|x64.Build.0 = Debug|x64
		{D351A3AB-C03E-48FB-941F-31530CE4477C}.Debug|x86.ActiveCfg = Debug|Win32
		{D351A3AB-C03E-48FB-941F-31530CE4477C}.Debug|x86.Build.0 = Debug|Win32
		{D351A3AB-C03E-48FB-941F-31530CE4477C}.Release|x64.ActiveCfg = Release|x64
		{D351A3AB-C03E-48FB-941F-31530CE4477C}.Release|x64.Build.0 = Release|x64
		{D351A3AB-C03E-48FB-941F-31530CE4477C}.Release|x86.ActiveCfg = Release|Win32
		{D351A3AB-C03E-48FB-941F-31530CE4477C}.Release|x86.Build.0 = Release|Win32
		{A62FE9E9-EE4F-4A48-99A4-71059159BDAF}.Debug|x64.ActiveCfg = Debug|x64
		{A62FE9E9-EE4F-4A48-99A4-71059159BDAF}.Debug|x64.Build.0 = Debug|x64
		{A62FE9E9-EE4F-4A48-99A4-71059159BDAF}.Debug|x86.ActiveCfg = Debug|Win32
		{A62FE9E9-EE4F-4A48-99A4-71059159BDAF}.Debug|x86.Build.0 = Debug|Win32
		{A62FE9E9-EE4F-4A48-99A4-71059159BDAF}.Release|x64.ActiveCfg = Release|x64
		{A62FE9E9-EE4F-4A48-99A4-71059159BDAF}.Release|x64.Build.0 = Release|x64
		{A62FE9E9-EE4F-4A48-99A4-71059159BDAF}.Release|x86.ActiveCfg = Release|Win32
		{A62FE9E9-EE4F-4A48-99A4-71059159BDAF}.Release|x86.Build.0 = Release|Win32
		{2C5A3FF2-B359-4F73-A5CD-EFC1AED95CBA}.Debug|x64.ActiveCfg = Debug|x64
		{2C5A3FF2-B359-4F73-A5CD-EFC1AED95CBA}.Debug|x64.Build.0 = Debug|x64
		{2C5A3FF2-B359-4F73-A5CD-EFC1AED95CBA}.Debug|x86.ActiveCfg = Debug|Win32
		{2C5A3FF2-B359-4F73-A5CD-EFC1AED95CBA}.Debug|x86.Build.0 = Debug|Win32
		{2C5A3FF2-B359-4F73-A5CD-EFC1AED95CBA}.Release|x64.ActiveCfg = Release|x64
		{2C5A3FF2-B359-4F73-A5CD-EFC1AED95CBA}.Release|x64.Build.0 = Release|x64
		{2C5A3FF2-B359-4F73-A5CD-EFC1AED95CBA}.Release|x86.ActiveCfg = Release|Win32
		{2C5A3FF2-B359-4F73-A5CD-EFC1AED95CBA}.Release|x86.Build.0 = Release|Win32
		{980D5AA4-FD35-4252-B730-A44DC0AFAFD5}.Debug|x64.ActiveCfg = Debug|x64
		{980D5AA4-FD35-4252-B730-A44DC0AFAFD5}.Debug|x64.Build.0 = Debug|x64
		{980D5AA4-FD35-4252-B730-A44DC0AFAFD5}.Debug|x86.ActiveCfg = Debug|Win32
		{980D5AA4-FD35-4252-B730-A44DC0AFAFD5}.Debug|x86.Build.0 = Debug|Win32
		{980D5AA4-FD35-4252-B730-A44DC0AFAFD5}.Release|x64.ActiveCfg = Release|x64
		{980D5AA4-FD35-4252-B730-A44DC0AFAFD5}.Release|x64.Build.0 = Release|x64
		{980D5AA4-FD35-4252-B730-A44DC0AFAFD5}.Release|x86.ActiveCfg = Release|Win32
		{980D5AA4-FD35-4252-B730-A44DC0AFAFD5}.Release|x86.Build.0 = Release|Win32
	EndGlobalSection
	GlobalSection(SolutionProperties) = preSolution
		HideSolutionNode = FALSE
	EndGlobalSection
	GlobalSection(ExtensibilityGlobals) = postSolution
		SolutionGuid = {AA0C0E3B-BF89-438E-8533-519EAE2525A8}
	EndGlobalSection
EndGlobal
